
Microsoft Visual Studio Solution File, Format Version 12.00
# Visual Studio 15
VisualStudioVersion = 15.0.28010.2050
MinimumVisualStudioVersion = 10.0.40219.1
Project("{FAE04EC0-301F-11D3-BF4B-00C04F79EFBC}") = "5Nite", "FullMVCProject\5Nite.csproj", "{0D9457F3-5247-4A57-8748-241AE5867D1F}"
EndProject
Project("{FAE04EC0-301F-11D3-BF4B-00C04F79EFBC}") = "FullMVCProject.Tests", "FullMVCProject.Tests\FullMVCProject.Tests.csproj", "{6024DFA7-AA2A-4429-8BB8-0C333B4860AA}"
EndProject
Global
	GlobalSection(SolutionConfigurationPlatforms) = preSolution
		Debug|Any CPU = Debug|Any CPU
		Release|Any CPU = Release|Any CPU
	EndGlobalSection
	GlobalSection(ProjectConfigurationPlatforms) = postSolution
		{0D9457F3-5247-4A57-8748-241AE5867D1F}.Debug|Any CPU.ActiveCfg = Debug|Any CPU
		{0D9457F3-5247-4A57-8748-241AE5867D1F}.Debug|Any CPU.Build.0 = Debug|Any CPU
		{0D9457F3-5247-4A57-8748-241AE5867D1F}.Release|Any CPU.ActiveCfg = Release|Any CPU
		{0D9457F3-5247-4A57-8748-241AE5867D1F}.Release|Any CPU.Build.0 = Release|Any CPU
		{6024DFA7-AA2A-4429-8BB8-0C333B4860AA}.Debug|Any CPU.ActiveCfg = Debug|Any CPU
		{6024DFA7-AA2A-4429-8BB8-0C333B4860AA}.Debug|Any CPU.Build.0 = Debug|Any CPU
		{6024DFA7-AA2A-4429-8BB8-0C333B4860AA}.Release|Any CPU.ActiveCfg = Release|Any CPU
		{6024DFA7-AA2A-4429-8BB8-0C333B4860AA}.Release|Any CPU.Build.0 = Release|Any CPU
	EndGlobalSection
	GlobalSection(SolutionProperties) = preSolution
		HideSolutionNode = FALSE
	EndGlobalSection
	GlobalSection(ExtensibilityGlobals) = postSolution
		SolutionGuid = {4102A490-7238-4591-8776-890E1FCD4C6C}
	EndGlobalSection
EndGlobal
